
Microsoft Visual Studio Solution File, Format Version 10.00
# Visual C# Express 2008
Project("{FAE04EC0-301F-11D3-BF4B-00C04F79EFBC}") = "Picture Viewer", "Picture Viewer.csproj", "{93E84B81-59A9-4FA9-9A6B-30EA34DD4228}"
EndProject
Global
	GlobalSection(SolutionConfigurationPlatforms) = preSolution
		Debug|Any CPU = Debug|Any CPU
		Release|Any CPU = Release|Any CPU
	EndGlobalSection
	GlobalSection(ProjectConfigurationPlatforms) = postSolution
		{93E84B81-59A9-4FA9-9A6B-30EA34DD4228}.Debug|Any CPU.ActiveCfg = Debug|Any CPU
		{93E84B81-59A9-4FA9-9A6B-30EA34DD4228}.Debug|Any CPU.Build.0 = Debug|Any CPU
		{93E84B81-59A9-4FA9-9A6B-30EA34DD4228}.Release|Any CPU.ActiveCfg = Release|Any CPU
		{93E84B81-59A9-4FA9-9A6B-30EA34DD4228}.Release|Any CPU.Build.0 = Release|Any CPU
	EndGlobalSection
	GlobalSection(SolutionProperties) = preSolution
		HideSolutionNode = FALSE
	EndGlobalSection
EndGlobal
